
Microsoft Visual Studio Solution File, Format Version 12.00
# Visual Studio 15
Project("{FAE04EC0-301F-11D3-BF4B-00C04F79EFBC}") = "Assembly-CSharp", "Assembly-CSharp.csproj", "{1F1071C2-40F8-1D82-F208-44762A3FFC46}"
EndProject
Global
	GlobalSection(SolutionConfigurationPlatforms) = preSolution
		Debug|Any CPU = Debug|Any CPU
		Release|Any CPU = Release|Any CPU
	EndGlobalSection
	GlobalSection(ProjectConfigurationPlatforms) = postSolution
		{1F1071C2-40F8-1D82-F208-44762A3FFC46}.Debug|Any CPU.ActiveCfg = Debug|Any CPU
		{1F1071C2-40F8-1D82-F208-44762A3FFC46}.Debug|Any CPU.Build.0 = Debug|Any CPU
		{1F1071C2-40F8-1D82-F208-44762A3FFC46}.Release|Any CPU.ActiveCfg = Release|Any CPU
		{1F1071C2-40F8-1D82-F208-44762A3FFC46}.Release|Any CPU.Build.0 = Release|Any CPU
	EndGlobalSection
	GlobalSection(SolutionProperties) = preSolution
		HideSolutionNode = FALSE
	EndGlobalSection
EndGlobal
